
Microsoft Visual Studio Solution File, Format Version 12.00
# Visual Studio Version 17
VisualStudioVersion = 17.10.35027.167
MinimumVisualStudioVersion = 10.0.40219.1
Project("{FAE04EC0-301F-11D3-BF4B-00C04F79EFBC}") = "MyPal.Console", "MyPal.Console\MyPal.Console.csproj", "{070C5378-97B1-47D8-87AA-89B9A65A41CF}"
EndProject
Project("{FAE04EC0-301F-11D3-BF4B-00C04F79EFBC}") = "MyPal.ClassLibrary", "MyPal.ClassLibrary\MyPal.ClassLibrary.csproj", "{BB6260D3-C227-42E8-8DB4-114AE822E4A6}"
EndProject
Project("{FAE04EC0-301F-11D3-BF4B-00C04F79EFBC}") = "MyPal.MauiApp", "MyPal.MauiApp\MyPal.MauiApp.csproj", "{ED1895FA-2DA6-4749-B0D3-5CFA7BB069D1}"
EndProject
Project("{FAE04EC0-301F-11D3-BF4B-00C04F79EFBC}") = "MyPal.Benchmarks", "MyPal.Benchmarks\MyPal.Benchmarks.csproj", "{C9451AC0-51E9-4D11-8BEE-536D600223D3}"
EndProject
Global
	GlobalSection(SolutionConfigurationPlatforms) = preSolution
		Debug|Any CPU = Debug|Any CPU
		Release|Any CPU = Release|Any CPU
	EndGlobalSection
	GlobalSection(ProjectConfigurationPlatforms) = postSolution
		{070C5378-97B1-47D8-87AA-89B9A65A41CF}.Debug|Any CPU.ActiveCfg = Debug|Any CPU
		{070C5378-97B1-47D8-87AA-89B9A65A41CF}.Debug|Any CPU.Build.0 = Debug|Any CPU
		{070C5378-97B1-47D8-87AA-89B9A65A41CF}.Release|Any CPU.ActiveCfg = Release|Any CPU
		{070C5378-97B1-47D8-87AA-89B9A65A41CF}.Release|Any CPU.Build.0 = Release|Any CPU
		{BB6260D3-C227-42E8-8DB4-114AE822E4A6}.Debug|Any CPU.ActiveCfg = Debug|Any CPU
		{BB6260D3-C227-42E8-8DB4-114AE822E4A6}.Debug|Any CPU.Build.0 = Debug|Any CPU
		{BB6260D3-C227-42E8-8DB4-114AE822E4A6}.Release|Any CPU.ActiveCfg = Release|Any CPU
		{BB6260D3-C227-42E8-8DB4-114AE822E4A6}.Release|Any CPU.Build.0 = Release|Any CPU
		{ED1895FA-2DA6-4749-B0D3-5CFA7BB069D1}.Debug|Any CPU.ActiveCfg = Debug|Any CPU
		{ED1895FA-2DA6-4749-B0D3-5CFA7BB069D1}.Debug|Any CPU.Build.0 = Debug|Any CPU
		{ED1895FA-2DA6-4749-B0D3-5CFA7BB069D1}.Debug|Any CPU.Deploy.0 = Debug|Any CPU
		{ED1895FA-2DA6-4749-B0D3-5CFA7BB069D1}.Release|Any CPU.ActiveCfg = Release|Any CPU
		{ED1895FA-2DA6-4749-B0D3-5CFA7BB069D1}.Release|Any CPU.Build.0 = Release|Any CPU
		{ED1895FA-2DA6-4749-B0D3-5CFA7BB069D1}.Release|Any CPU.Deploy.0 = Release|Any CPU
		{C9451AC0-51E9-4D11-8BEE-536D600223D3}.Debug|Any CPU.ActiveCfg = Debug|Any CPU
		{C9451AC0-51E9-4D11-8BEE-536D600223D3}.Debug|Any CPU.Build.0 = Debug|Any CPU
		{C9451AC0-51E9-4D11-8BEE-536D600223D3}.Release|Any CPU.ActiveCfg = Release|Any CPU
		{C9451AC0-51E9-4D11-8BEE-536D600223D3}.Release|Any CPU.Build.0 = Release|Any CPU
	EndGlobalSection
	GlobalSection(SolutionProperties) = preSolution
		HideSolutionNode = FALSE
	EndGlobalSection
	GlobalSection(ExtensibilityGlobals) = postSolution
		SolutionGuid = {2C4C83DF-99FC-43F5-9B0C-A640B6649709}
	EndGlobalSection
EndGlobal
